
Microsoft Visual Studio Solution File, Format Version 12.00
# Visual Studio Version 16
VisualStudioVersion = 16.0.29709.97
MinimumVisualStudioVersion = 10.0.40219.1
Project("{FAE04EC0-301F-11D3-BF4B-00C04F79EFBC}") = "EmployeesManagementAPI", "EmployeesManagementAPI\EmployeesManagementAPI.csproj", "{D55D38AF-2CB3-408E-823D-E18FF0B7E279}"
EndProject
Global
	GlobalSection(SolutionConfigurationPlatforms) = preSolution
		Debug|Any CPU = Debug|Any CPU
		Release|Any CPU = Release|Any CPU
	EndGlobalSection
	GlobalSection(ProjectConfigurationPlatforms) = postSolution
		{D55D38AF-2CB3-408E-823D-E18FF0B7E279}.Debug|Any CPU.ActiveCfg = Debug|Any CPU
		{D55D38AF-2CB3-408E-823D-E18FF0B7E279}.Debug|Any CPU.Build.0 = Debug|Any CPU
		{D55D38AF-2CB3-408E-823D-E18FF0B7E279}.Release|Any CPU.ActiveCfg = Release|Any CPU
		{D55D38AF-2CB3-408E-823D-E18FF0B7E279}.Release|Any CPU.Build.0 = Release|Any CPU
	EndGlobalSection
	GlobalSection(SolutionProperties) = preSolution
		HideSolutionNode = FALSE
	EndGlobalSection
	GlobalSection(ExtensibilityGlobals) = postSolution
		SolutionGuid = {A151DF57-9A35-45A5-AE2E-70238F97C44E}
	EndGlobalSection
EndGlobal
